
Microsoft Visual Studio Solution File, Format Version 12.00
# Visual Studio Version 17
VisualStudioVersion = 17.8.34511.84
MinimumVisualStudioVersion = 10.0.40219.1
Project("{FAE04EC0-301F-11D3-BF4B-00C04F79EFBC}") = "ZOO", "ZOO.csproj", "{39EDE7DD-25DC-40AB-AB4C-7987C16841BE}"
EndProject
Global
	GlobalSection(SolutionConfigurationPlatforms) = preSolution
		Debug|Any CPU = Debug|Any CPU
		Release|Any CPU = Release|Any CPU
	EndGlobalSection
	GlobalSection(ProjectConfigurationPlatforms) = postSolution
		{39EDE7DD-25DC-40AB-AB4C-7987C16841BE}.Debug|Any CPU.ActiveCfg = Debug|Any CPU
		{39EDE7DD-25DC-40AB-AB4C-7987C16841BE}.Debug|Any CPU.Build.0 = Debug|Any CPU
		{39EDE7DD-25DC-40AB-AB4C-7987C16841BE}.Release|Any CPU.ActiveCfg = Release|Any CPU
		{39EDE7DD-25DC-40AB-AB4C-7987C16841BE}.Release|Any CPU.Build.0 = Release|Any CPU
	EndGlobalSection
	GlobalSection(SolutionProperties) = preSolution
		HideSolutionNode = FALSE
	EndGlobalSection
	GlobalSection(ExtensibilityGlobals) = postSolution
		SolutionGuid = {CEF2A920-5BBB-4B92-8062-60578652967B}
	EndGlobalSection
EndGlobal
